
Microsoft Visual Studio Solution File, Format Version 12.00
# Visual Studio 15
VisualStudioVersion = 15.0.28010.2016
MinimumVisualStudioVersion = 10.0.40219.1
Project("{9A19103F-16F7-4668-BE54-9A1E7A4F7556}") = "JwtAuth", "JwtAuth.csproj", "{239BFBDE-CB30-4CF2-8E1C-0318C3370703}"
EndProject
Global
	GlobalSection(SolutionConfigurationPlatforms) = preSolution
		Debug|Any CPU = Debug|Any CPU
		Release|Any CPU = Release|Any CPU
	EndGlobalSection
	GlobalSection(ProjectConfigurationPlatforms) = postSolution
		{239BFBDE-CB30-4CF2-8E1C-0318C3370703}.Debug|Any CPU.ActiveCfg = Debug|Any CPU
		{239BFBDE-CB30-4CF2-8E1C-0318C3370703}.Debug|Any CPU.Build.0 = Debug|Any CPU
		{239BFBDE-CB30-4CF2-8E1C-0318C3370703}.Release|Any CPU.ActiveCfg = Release|Any CPU
		{239BFBDE-CB30-4CF2-8E1C-0318C3370703}.Release|Any CPU.Build.0 = Release|Any CPU
	EndGlobalSection
	GlobalSection(SolutionProperties) = preSolution
		HideSolutionNode = FALSE
	EndGlobalSection
	GlobalSection(ExtensibilityGlobals) = postSolution
		SolutionGuid = {2B019542-6A16-4ED0-81AC-DC3D6CCD7CE2}
	EndGlobalSection
EndGlobal
